
Microsoft Visual Studio Solution File, Format Version 12.00
# Visual Studio Version 16
VisualStudioVersion = 16.0.29905.134
MinimumVisualStudioVersion = 10.0.40219.1
Project("{8BC9CEB8-8B4A-11D0-8D11-00A0C91BC942}") = "skinSmooth", "skinSmooth\skinSmooth.vcxproj", "{7400859B-737C-428F-9D98-5054014395B2}"
EndProject
Global
	GlobalSection(SolutionConfigurationPlatforms) = preSolution
		Debug|x64 = Debug|x64
		Debug|x86 = Debug|x86
		Release|x64 = Release|x64
		Release|x86 = Release|x86
	EndGlobalSection
	GlobalSection(ProjectConfigurationPlatforms) = postSolution
		{7400859B-737C-428F-9D98-5054014395B2}.Debug|x64.ActiveCfg = Debug|x64
		{7400859B-737C-428F-9D98-5054014395B2}.Debug|x64.Build.0 = Debug|x64
		{7400859B-737C-428F-9D98-5054014395B2}.Debug|x86.ActiveCfg = Debug|Win32
		{7400859B-737C-428F-9D98-5054014395B2}.Debug|x86.Build.0 = Debug|Win32
		{7400859B-737C-428F-9D98-5054014395B2}.Release|x64.ActiveCfg = Release|x64
		{7400859B-737C-428F-9D98-5054014395B2}.Release|x64.Build.0 = Release|x64
		{7400859B-737C-428F-9D98-5054014395B2}.Release|x86.ActiveCfg = Release|Win32
		{7400859B-737C-428F-9D98-5054014395B2}.Release|x86.Build.0 = Release|Win32
	EndGlobalSection
	GlobalSection(SolutionProperties) = preSolution
		HideSolutionNode = FALSE
	EndGlobalSection
	GlobalSection(ExtensibilityGlobals) = postSolution
		SolutionGuid = {16917D28-4F30-4B88-BEF1-DB1F4FEF2ED2}
	EndGlobalSection
EndGlobal
